{
  "name": "habits",
  "version": "1.0.0",
  "lockfileVersion": 1,
  "requires": true,
  "dependencies": {
    "commander": {
      "version": "4.1.1",
      "resolved": "https://registry.npmjs.org/commander/-/commander-4.1.1.tgz",
      "integrity": "sha512-NOKm8xhkzAjzFx8B2v5OAHT+u5pRQc2UCa2Vq9jYL/31o2wi9mxBA7LIFs3sV5VSC49z6pEhfbMULvShKj26WA==",
      "dev": true
    },
    "livereload-js": {
      "version": "3.2.1",
      "resolved": "https://registry.npmjs.org/livereload-js/-/livereload-js-3.2.1.tgz",
      "integrity": "sha512-AJ+SUkAbAU6ijexIG/33PnBerq8O8g7b/qC4GdJLq2F5y4Ekf0XtCbXKv2C7kFzPmHc+lnCvDp+AaFG74NgHIQ=="
    },
    "nan": {
      "version": "1.0.0",
      "resolved": "https://registry.npmjs.org/nan/-/nan-1.0.0.tgz",
      "integrity": "sha1-riT4hQgY1mL8q1rPfzuVv6oszzg=",
      "dev": true
    },
    "node-livereload": {
      "version": "0.6.0",
      "resolved": "https://registry.npmjs.org/node-livereload/-/node-livereload-0.6.0.tgz",
      "integrity": "sha1-F93im+I8L8zMjW/0EUpZvhB0vCk=",
      "dev": true,
      "requires": {
        "commander": ">1.0",
        "ws": "0.4.x"
      }
    },
    "options": {
      "version": "0.0.6",
      "resolved": "https://registry.npmjs.org/options/-/options-0.0.6.tgz",
      "integrity": "sha1-7CLTEoBrtT5zF3Pnza788cZDEo8=",
      "dev": true
    },
    "tinycolor": {
      "version": "0.0.1",
      "resolved": "https://registry.npmjs.org/tinycolor/-/tinycolor-0.0.1.tgz",
      "integrity": "sha1-MgtaUtg6u1l42Bo+iH1K77FaYWQ=",
      "dev": true
    },
    "ws": {
      "version": "0.4.32",
      "resolved": "https://registry.npmjs.org/ws/-/ws-0.4.32.tgz",
      "integrity": "sha1-eHphVEFPPJntg8V3IVOyD+sM7DI=",
      "dev": true,
      "requires": {
        "commander": "~2.1.0",
        "nan": "~1.0.0",
        "options": ">=0.0.5",
        "tinycolor": "0.x"
      },
      "dependencies": {
        "commander": {
          "version": "2.1.0",
          "resolved": "https://registry.npmjs.org/commander/-/commander-2.1.0.tgz",
          "integrity": "sha1-0SG7roYNmZKj1Re6lvVliOR8Z4E=",
          "dev": true
        }
      }
    }
  }
}
